// !$*UTF8*$!
{
	archiveVersion = 1;
	classes = {
	};
	objectVersion = 50;
	objects = {

/* Begin PBXBuildFile section */
		8617D2FC22E1C212007AB60D /* AppDelegate.swift in Sources */ = {isa = PBXBuildFile; fileRef = 8617D2FB22E1C212007AB60D /* AppDelegate.swift */; };
		8617D2FE22E1C212007AB60D /* ViewController.swift in Sources */ = {isa = PBXBuildFile; fileRef = 8617D2FD22E1C212007AB60D /* ViewController.swift */; };
		8617D30122E1C212007AB60D /* Main.storyboard in Resources */ = {isa = PBXBuildFile; fileRef = 8617D2FF22E1C212007AB60D /* Main.storyboard */; };
		8617D30422E1C212007AB60D /* DemoMultiLanguage.xcdatamodeld in Sources */ = {isa = PBXBuildFile; fileRef = 8617D30222E1C212007AB60D /* DemoMultiLanguage.xcdatamodeld */; };
		8617D30622E1C225007AB60D /* Assets.xcassets in Resources */ = {isa = PBXBuildFile; fileRef = 8617D30522E1C225007AB60D /* Assets.xcassets */; };
		8617D30922E1C225007AB60D /* LaunchScreen.storyboard in Resources */ = {isa = PBXBuildFile; fileRef = 8617D30722E1C225007AB60D /* LaunchScreen.storyboard */; };
		86331C6F22E1C84600B70CB5 /* LocalizationSystem.swift in Sources */ = {isa = PBXBuildFile; fileRef = 86331C6E22E1C84600B70CB5 /* LocalizationSystem.swift */; };
		86331C7B22E1D27400B70CB5 /* ViewController2.swift in Sources */ = {isa = PBXBuildFile; fileRef = 86331C7A22E1D27400B70CB5 /* ViewController2.swift */; };
		86331C8122E1DED000B70CB5 /* Localizable.strings in Resources */ = {isa = PBXBuildFile; fileRef = 86331C8322E1DED000B70CB5 /* Localizable.strings */; };
/* End PBXBuildFile section */

/* Begin PBXFileReference section */
		8617D2F822E1C212007AB60D /* DemoMultiLanguage.app */ = {isa = PBXFileReference; explicitFileType = wrapper.application; includeInIndex = 0; path = DemoMultiLanguage.app; sourceTree = BUILT_PRODUCTS_DIR; };
		8617D2FB22E1C212007AB60D /* AppDelegate.swift */ = {isa = PBXFileReference; lastKnownFileType = sourcecode.swift; path = AppDelegate.swift; sourceTree = "<group>"; };
		8617D2FD22E1C212007AB60D /* ViewController.swift */ = {isa = PBXFileReference; lastKnownFileType = sourcecode.swift; path = ViewController.swift; sourceTree = "<group>"; };
		8617D30022E1C212007AB60D /* Base */ = {isa = PBXFileReference; lastKnownFileType = file.storyboard; name = Base; path = Base.lproj/Main.storyboard; sourceTree = "<group>"; };
		8617D30322E1C212007AB60D /* DemoMultiLanguage.xcdatamodel */ = {isa = PBXFileReference; lastKnownFileType = wrapper.xcdatamodel; path = DemoMultiLanguage.xcdatamodel; sourceTree = "<group>"; };
		8617D30522E1C225007AB60D /* Assets.xcassets */ = {isa = PBXFileReference; lastKnownFileType = folder.assetcatalog; path = Assets.xcassets; sourceTree = "<group>"; };
		8617D30822E1C225007AB60D /* Base */ = {isa = PBXFileReference; lastKnownFileType = file.storyboard; name = Base; path = Base.lproj/LaunchScreen.storyboard; sourceTree = "<group>"; };
		8617D30A22E1C225007AB60D /* Info.plist */ = {isa = PBXFileReference; lastKnownFileType = text.plist.xml; path = Info.plist; sourceTree = "<group>"; };
		86331C6E22E1C84600B70CB5 /* LocalizationSystem.swift */ = {isa = PBXFileReference; lastKnownFileType = sourcecode.swift; path = LocalizationSystem.swift; sourceTree = "<group>"; };
		86331C7A22E1D27400B70CB5 /* ViewController2.swift */ = {isa = PBXFileReference; lastKnownFileType = sourcecode.swift; path = ViewController2.swift; sourceTree = "<group>"; };
		86331C8222E1DED000B70CB5 /* en */ = {isa = PBXFileReference; lastKnownFileType = text.plist.strings; name = en; path = en.lproj/Localizable.strings; sourceTree = "<group>"; };
		86331C8422E1DEDA00B70CB5 /* ko */ = {isa = PBXFileReference; lastKnownFileType = text.plist.strings; name = ko; path = ko.lproj/Localizable.strings; sourceTree = "<group>"; };
		86331C8522E1DEDB00B70CB5 /* ar */ = {isa = PBXFileReference; lastKnownFileType = text.plist.strings; name = ar; path = ar.lproj/Localizable.strings; sourceTree = "<group>"; };
/* End PBXFileReference section */

/* Begin PBXFrameworksBuildPhase section */
		8617D2F522E1C212007AB60D /* Frameworks */ = {
			isa = PBXFrameworksBuildPhase;
			buildActionMask = 2147483647;
			files = (
			);
			runOnlyForDeploymentPostprocessing = 0;
		};
/* End PBXFrameworksBuildPhase section */

/* Begin PBXGroup section */
		8617D2EF22E1C212007AB60D = {
			isa = PBXGroup;
			children = (
				8617D2FA22E1C212007AB60D /* DemoMultiLanguage */,
				8617D2F922E1C212007AB60D /* Products */,
			);
			sourceTree = "<group>";
		};
		8617D2F922E1C212007AB60D /* Products */ = {
			isa = PBXGroup;
			children = (
				8617D2F822E1C212007AB60D /* DemoMultiLanguage.app */,
			);
			name = Products;
			sourceTree = "<group>";
		};
		8617D2FA22E1C212007AB60D /* DemoMultiLanguage */ = {
			isa = PBXGroup;
			children = (
				8617D2FB22E1C212007AB60D /* AppDelegate.swift */,
				8617D2FD22E1C212007AB60D /* ViewController.swift */,
				8617D2FF22E1C212007AB60D /* Main.storyboard */,
				8617D30522E1C225007AB60D /* Assets.xcassets */,
				8617D30722E1C225007AB60D /* LaunchScreen.storyboard */,
				8617D30A22E1C225007AB60D /* Info.plist */,
				8617D30222E1C212007AB60D /* DemoMultiLanguage.xcdatamodeld */,
				86331C6E22E1C84600B70CB5 /* LocalizationSystem.swift */,
				86331C7A22E1D27400B70CB5 /* ViewController2.swift */,
				86331C8322E1DED000B70CB5 /* Localizable.strings */,
			);
			path = DemoMultiLanguage;
			sourceTree = "<group>";
		};
/* End PBXGroup section */

/* Begin PBXNativeTarget section */
		8617D2F722E1C212007AB60D /* DemoMultiLanguage */ = {
			isa = PBXNativeTarget;
			buildConfigurationList = 8617D30D22E1C225007AB60D /* Build configuration list for PBXNativeTarget "DemoMultiLanguage" */;
			buildPhases = (
				8617D2F422E1C212007AB60D /* Sources */,
				8617D2F522E1C212007AB60D /* Frameworks */,
				8617D2F622E1C212007AB60D /* Resources */,
			);
			buildRules = (
			);
			dependencies = (
			);
			name = DemoMultiLanguage;
			productName = DemoMultiLanguage;
			productReference = 8617D2F822E1C212007AB60D /* DemoMultiLanguage.app */;
			productType = "com.apple.product-type.application";
		};
/* End PBXNativeTarget section */

/* Begin PBXProject section */
		8617D2F022E1C212007AB60D /* Project object */ = {
			isa = PBXProject;
			attributes = {
				LastSwiftUpdateCheck = 1010;
				LastUpgradeCheck = 1010;
				ORGANIZATIONNAME = Esolz;
				TargetAttributes = {
					8617D2F722E1C212007AB60D = {
						CreatedOnToolsVersion = 10.1;
					};
				};
			};
			buildConfigurationList = 8617D2F322E1C212007AB60D /* Build configuration list for PBXProject "DemoMultiLanguage" */;
			compatibilityVersion = "Xcode 9.3";
			developmentRegion = en;
			hasScannedForEncodings = 0;
			knownRegions = (
				en,
				Base,
				ko,
				ar,
			);
			mainGroup = 8617D2EF22E1C212007AB60D;
			productRefGroup = 8617D2F922E1C212007AB60D /* Products */;
			projectDirPath = "";
			projectRoot = "";
			targets = (
				8617D2F722E1C212007AB60D /* DemoMultiLanguage */,
			);
		};
/* End PBXProject section */

/* Begin PBXResourcesBuildPhase section */
		8617D2F622E1C212007AB60D /* Resources */ = {
			isa = PBXResourcesBuildPhase;
			buildActionMask = 2147483647;
			files = (
				8617D30922E1C225007AB60D /* LaunchScreen.storyboard in Resources */,
				86331C8122E1DED000B70CB5 /* Localizable.strings in Resources */,
				8617D30622E1C225007AB60D /* Assets.xcassets in Resources */,
				8617D30122E1C212007AB60D /* Main.storyboard in Resources */,
			);
			runOnlyForDeploymentPostprocessing = 0;
		};
/* End PBXResourcesBuildPhase section */

/* Begin PBXSourcesBuildPhase section */
		8617D2F422E1C212007AB60D /* Sources */ = {
			isa = PBXSourcesBuildPhase;
			buildActionMask = 2147483647;
			files = (
				86331C7B22E1D27400B70CB5 /* ViewController2.swift in Sources */,
				8617D2FE22E1C212007AB60D /* ViewController.swift in Sources */,
				86331C6F22E1C84600B70CB5 /* LocalizationSystem.swift in Sources */,
				8617D30422E1C212007AB60D /* DemoMultiLanguage.xcdatamodeld in Sources */,
				8617D2FC22E1C212007AB60D /* AppDelegate.swift in Sources */,
			);
			runOnlyForDeploymentPostprocessing = 0;
		};
/* End PBXSourcesBuildPhase section */

/* Begin PBXVariantGroup section */
		8617D2FF22E1C212007AB60D /* Main.storyboard */ = {
			isa = PBXVariantGroup;
			children = (
				8617D30022E1C212007AB60D /* Base */,
			);
			name = Main.storyboard;
			sourceTree = "<group>";
		};
		8617D30722E1C225007AB60D /* LaunchScreen.storyboard */ = {
			isa = PBXVariantGroup;
			children = (
				8617D30822E1C225007AB60D /* Base */,
			);
			name = LaunchScreen.storyboard;
			sourceTree = "<group>";
		};
		86331C8322E1DED000B70CB5 /* Localizable.strings */ = {
			isa = PBXVariantGroup;
			children = (
				86331C8222E1DED000B70CB5 /* en */,
				86331C8422E1DEDA00B70CB5 /* ko */,
				86331C8522E1DEDB00B70CB5 /* ar */,
			);
			name = Localizable.strings;
			sourceTree = "<group>";
		};
/* End PBXVariantGroup section */

/* Begin XCBuildConfiguration section */
		8617D30B22E1C225007AB60D /* Debug */ = {
			isa = XCBuildConfiguration;
			buildSettings = {
				ALWAYS_SEARCH_USER_PATHS = NO;
				CLANG_ANALYZER_LOCALIZABILITY_NONLOCALIZED = YES;
				CLANG_ANALYZER_NONNULL = YES;
				CLANG_ANALYZER_NUMBER_OBJECT_CONVERSION = YES_AGGRESSIVE;
				CLANG_CXX_LANGUAGE_STANDARD = "gnu++14";
				CLANG_CXX_LIBRARY = "libc++";
				CLANG_ENABLE_MODULES = YES;
				CLANG_ENABLE_OBJC_ARC = YES;
				CLANG_ENABLE_OBJC_WEAK = YES;
				CLANG_WARN_BLOCK_CAPTURE_AUTORELEASING = YES;
				CLANG_WARN_BOOL_CONVERSION = YES;
				CLANG_WARN_COMMA = YES;
				CLANG_WARN_CONSTANT_CONVERSION = YES;
				CLANG_WARN_DEPRECATED_OBJC_IMPLEMENTATIONS = YES;
				CLANG_WARN_DIRECT_OBJC_ISA_USAGE = YES_ERROR;
				CLANG_WARN_DOCUMENTATION_COMMENTS = YES;
				CLANG_WARN_EMPTY_BODY = YES;
				CLANG_WARN_ENUM_CONVERSION = YES;
				CLANG_WARN_INFINITE_RECURSION = YES;
				CLANG_WARN_INT_CONVERSION = YES;
				CLANG_WARN_NON_LITERAL_NULL_CONVERSION = YES;
				CLANG_WARN_OBJC_IMPLICIT_RETAIN_SELF = YES;
				CLANG_WARN_OBJC_LITERAL_CONVERSION = YES;
				CLANG_WARN_OBJC_ROOT_CLASS = YES_ERROR;
				CLANG_WARN_RANGE_LOOP_ANALYSIS = YES;
				CLANG_WARN_STRICT_PROTOTYPES = YES;
				CLANG_WARN_SUSPICIOUS_MOVE = YES;
				CLANG_WARN_UNGUARDED_AVAILABILITY = YES_AGGRESSIVE;
				CLANG_WARN_UNREACHABLE_CODE = YES;
				CLANG_WARN__DUPLICATE_METHOD_MATCH = YES;
				CODE_SIGN_IDENTITY = "iPhone Developer";
				COPY_PHASE_STRIP = NO;
				DEBUG_INFORMATION_FORMAT = dwarf;
				ENABLE_STRICT_OBJC_MSGSEND = YES;
				ENABLE_TESTABILITY = YES;
				GCC_C_LANGUAGE_STANDARD = gnu11;
				GCC_DYNAMIC_NO_PIC = NO;
				GCC_NO_COMMON_BLOCKS = YES;
				GCC_OPTIMIZATION_LEVEL = 0;
				GCC_PREPROCESSOR_DEFINITIONS = (
					"DEBUG=1",
					"$(inherited)",
				);
				GCC_WARN_64_TO_32_BIT_CONVERSION = YES;
				GCC_WARN_ABOUT_RETURN_TYPE = YES_ERROR;
				GCC_WARN_UNDECLARED_SELECTOR = YES;
				GCC_WARN_UNINITIALIZED_AUTOS = YES_AGGRESSIVE;
				GCC_WARN_UNUSED_FUNCTION = YES;
				GCC_WARN_UNUSED_VARIABLE = YES;
				IPHONEOS_DEPLOYMENT_TARGET = 12.1;
				MTL_ENABLE_DEBUG_INFO = INCLUDE_SOURCE;
				MTL_FAST_MATH = YES;
				ONLY_ACTIVE_ARCH = YES;
				SDKROOT = iphoneos;
				SWIFT_ACTIVE_COMPILATION_CONDITIONS = DEBUG;
				SWIFT_OPTIMIZATION_LEVEL = "-Onone";
			};
			name = Debug;
		};
		8617D30C22E1C225007AB60D /* Release */ = {
			isa = XCBuildConfiguration;
			buildSettings = {
				ALWAYS_SEARCH_USER_PATHS = NO;
				CLANG_ANALYZER_LOCALIZABILITY_NONLOCALIZED = YES;
				CLANG_ANALYZER_NONNULL = YES;
				CLANG_ANALYZER_NUMBER_OBJECT_CONVERSION = YES_AGGRESSIVE;
				CLANG_CXX_LANGUAGE_STANDARD = "gnu++14";
				CLANG_CXX_LIBRARY = "libc++";
				CLANG_ENABLE_MODULES = YES;
				CLANG_ENABLE_OBJC_ARC = YES;
				CLANG_ENABLE_OBJC_WEAK = YES;
				CLANG_WARN_BLOCK_CAPTURE_AUTORELEASING = YES;
				CLANG_WARN_BOOL_CONVERSION = YES;
				CLANG_WARN_COMMA = YES;
				CLANG_WARN_CONSTANT_CONVERSION = YES;
				CLANG_WARN_DEPRECATED_OBJC_IMPLEMENTATIONS = YES;
				CLANG_WARN_DIRECT_OBJC_ISA_USAGE = YES_ERROR;
				CLANG_WARN_DOCUMENTATION_COMMENTS = YES;
				CLANG_WARN_EMPTY_BODY = YES;
				CLANG_WARN_ENUM_CONVERSION = YES;
				CLANG_WARN_INFINITE_RECURSION = YES;
				CLANG_WARN_INT_CONVERSION = YES;
				CLANG_WARN_NON_LITERAL_NULL_CONVERSION = YES;
				CLANG_WARN_OBJC_IMPLICIT_RETAIN_SELF = YES;
				CLANG_WARN_OBJC_LITERAL_CONVERSION = YES;
				CLANG_WARN_OBJC_ROOT_CLASS = YES_ERROR;
				CLANG_WARN_RANGE_LOOP_ANALYSIS = YES;
				CLANG_WARN_STRICT_PROTOTYPES = YES;
				CLANG_WARN_SUSPICIOUS_MOVE = YES;
				CLANG_WARN_UNGUARDED_AVAILABILITY = YES_AGGRESSIVE;
				CLANG_WARN_UNREACHABLE_CODE = YES;
				CLANG_WARN__DUPLICATE_METHOD_MATCH = YES;
				CODE_SIGN_IDENTITY = "iPhone Developer";
				COPY_PHASE_STRIP = NO;
				DEBUG_INFORMATION_FORMAT = "dwarf-with-dsym";
				ENABLE_NS_ASSERTIONS = NO;
				ENABLE_STRICT_OBJC_MSGSEND = YES;
				GCC_C_LANGUAGE_STANDARD = gnu11;
				GCC_NO_COMMON_BLOCKS = YES;
				GCC_WARN_64_TO_32_BIT_CONVERSION = YES;
				GCC_WARN_ABOUT_RETURN_TYPE = YES_ERROR;
				GCC_WARN_UNDECLARED_SELECTOR = YES;
				GCC_WARN_UNINITIALIZED_AUTOS = YES_AGGRESSIVE;
				GCC_WARN_UNUSED_FUNCTION = YES;
				GCC_WARN_UNUSED_VARIABLE = YES;
				IPHONEOS_DEPLOYMENT_TARGET = 12.1;
				MTL_ENABLE_DEBUG_INFO = NO;
				MTL_FAST_MATH = YES;
				SDKROOT = iphoneos;
				SWIFT_COMPILATION_MODE = wholemodule;
				SWIFT_OPTIMIZATION_LEVEL = "-O";
				VALIDATE_PRODUCT = YES;
			};
			name = Release;
		};
		8617D30E22E1C225007AB60D /* Debug */ = {
			isa = XCBuildConfiguration;
			buildSettings = {
				ASSETCATALOG_COMPILER_APPICON_NAME = AppIcon;
				CODE_SIGN_STYLE = Automatic;
				INFOPLIST_FILE = DemoMultiLanguage/Info.plist;
				LD_RUNPATH_SEARCH_PATHS = (
					"$(inherited)",
					"@executable_path/Frameworks",
				);
				PRODUCT_BUNDLE_IDENTIFIER = Esolz.DemoMultiLanguage;
				PRODUCT_NAME = "$(TARGET_NAME)";
				SWIFT_VERSION = 4.2;
				TARGETED_DEVICE_FAMILY = "1,2";
			};
			name = Debug;
		};
		8617D30F22E1C225007AB60D /* Release */ = {
			isa = XCBuildConfiguration;
			buildSettings = {
				ASSETCATALOG_COMPILER_APPICON_NAME = AppIcon;
				CODE_SIGN_STYLE = Automatic;
				INFOPLIST_FILE = DemoMultiLanguage/Info.plist;
				LD_RUNPATH_SEARCH_PATHS = (
					"$(inherited)",
					"@executable_path/Frameworks",
				);
				PRODUCT_BUNDLE_IDENTIFIER = Esolz.DemoMultiLanguage;
				PRODUCT_NAME = "$(TARGET_NAME)";
				SWIFT_VERSION = 4.2;
				TARGETED_DEVICE_FAMILY = "1,2";
			};
			name = Release;
		};
/* End XCBuildConfiguration section */

/* Begin XCConfigurationList section */
		8617D2F322E1C212007AB60D /* Build configuration list for PBXProject "DemoMultiLanguage" */ = {
			isa = XCConfigurationList;
			buildConfigurations = (
				8617D30B22E1C225007AB60D /* Debug */,
				8617D30C22E1C225007AB60D /* Release */,
			);
			defaultConfigurationIsVisible = 0;
			defaultConfigurationName = Release;
		};
		8617D30D22E1C225007AB60D /* Build configuration list for PBXNativeTarget "DemoMultiLanguage" */ = {
			isa = XCConfigurationList;
			buildConfigurations = (
				8617D30E22E1C225007AB60D /* Debug */,
				8617D30F22E1C225007AB60D /* Release */,
			);
			defaultConfigurationIsVisible = 0;
			defaultConfigurationName = Release;
		};
/* End XCConfigurationList section */

/* Begin XCVersionGroup section */
		8617D30222E1C212007AB60D /* DemoMultiLanguage.xcdatamodeld */ = {
			isa = XCVersionGroup;
			children = (
				8617D30322E1C212007AB60D /* DemoMultiLanguage.xcdatamodel */,
			);
			currentVersion = 8617D30322E1C212007AB60D /* DemoMultiLanguage.xcdatamodel */;
			path = DemoMultiLanguage.xcdatamodeld;
			sourceTree = "<group>";
			versionGroupType = wrapper.xcdatamodel;
		};
/* End XCVersionGroup section */
	};
	rootObject = 8617D2F022E1C212007AB60D /* Project object */;
}
